
Microsoft Visual Studio Solution File, Format Version 12.00
# Visual Studio Version 17
VisualStudioVersion = 17.9.34728.123
MinimumVisualStudioVersion = 10.0.40219.1
Project("{9A19103F-16F7-4668-BE54-9A1E7A4F7556}") = "Orders.Test", "Orders.Test\Orders.Test.csproj", "{9B566761-222B-4E5A-BA4E-9F03A5A7DC33}"
EndProject
Project("{9A19103F-16F7-4668-BE54-9A1E7A4F7556}") = "Orders.Shared", "Orders.Shared\Orders.Shared.csproj", "{FCF61A90-0E81-4739-A553-9901CB666510}"
EndProject
Project("{9A19103F-16F7-4668-BE54-9A1E7A4F7556}") = "Orders.Frontend", "Orders.Frontend\Orders.Frontend.csproj", "{6BC5FEFD-9F4E-4CA5-83EE-649998348A77}"
EndProject
Project("{9A19103F-16F7-4668-BE54-9A1E7A4F7556}") = "Orders.Backend", "Orders.Backend\Orders.Backend.csproj", "{B06574A6-7FED-4563-8A6E-6903BA77B7BE}"
EndProject
Global
	GlobalSection(SolutionConfigurationPlatforms) = preSolution
		Debug|Any CPU = Debug|Any CPU
		Release|Any CPU = Release|Any CPU
	EndGlobalSection
	GlobalSection(ProjectConfigurationPlatforms) = postSolution
		{9B566761-222B-4E5A-BA4E-9F03A5A7DC33}.Debug|Any CPU.ActiveCfg = Debug|Any CPU
		{9B566761-222B-4E5A-BA4E-9F03A5A7DC33}.Debug|Any CPU.Build.0 = Debug|Any CPU
		{9B566761-222B-4E5A-BA4E-9F03A5A7DC33}.Release|Any CPU.ActiveCfg = Release|Any CPU
		{9B566761-222B-4E5A-BA4E-9F03A5A7DC33}.Release|Any CPU.Build.0 = Release|Any CPU
		{FCF61A90-0E81-4739-A553-9901CB666510}.Debug|Any CPU.ActiveCfg = Debug|Any CPU
		{FCF61A90-0E81-4739-A553-9901CB666510}.Debug|Any CPU.Build.0 = Debug|Any CPU
		{FCF61A90-0E81-4739-A553-9901CB666510}.Release|Any CPU.ActiveCfg = Release|Any CPU
		{FCF61A90-0E81-4739-A553-9901CB666510}.Release|Any CPU.Build.0 = Release|Any CPU
		{6BC5FEFD-9F4E-4CA5-83EE-649998348A77}.Debug|Any CPU.ActiveCfg = Debug|Any CPU
		{6BC5FEFD-9F4E-4CA5-83EE-649998348A77}.Debug|Any CPU.Build.0 = Debug|Any CPU
		{6BC5FEFD-9F4E-4CA5-83EE-649998348A77}.Release|Any CPU.ActiveCfg = Release|Any CPU
		{6BC5FEFD-9F4E-4CA5-83EE-649998348A77}.Release|Any CPU.Build.0 = Release|Any CPU
		{B06574A6-7FED-4563-8A6E-6903BA77B7BE}.Debug|Any CPU.ActiveCfg = Debug|Any CPU
		{B06574A6-7FED-4563-8A6E-6903BA77B7BE}.Debug|Any CPU.Build.0 = Debug|Any CPU
		{B06574A6-7FED-4563-8A6E-6903BA77B7BE}.Release|Any CPU.ActiveCfg = Release|Any CPU
		{B06574A6-7FED-4563-8A6E-6903BA77B7BE}.Release|Any CPU.Build.0 = Release|Any CPU
	EndGlobalSection
	GlobalSection(SolutionProperties) = preSolution
		HideSolutionNode = FALSE
	EndGlobalSection
	GlobalSection(ExtensibilityGlobals) = postSolution
		SolutionGuid = {C1BBCEB4-8114-4DEB-B9F0-55486DF477CB}
	EndGlobalSection
EndGlobal
